
Microsoft Visual Studio Solution File, Format Version 12.00
# Visual Studio Version 16
VisualStudioVersion = 16.0.31729.503
MinimumVisualStudioVersion = 10.0.40219.1
Project("{FAE04EC0-301F-11D3-BF4B-00C04F79EFBC}") = "SAAD", "SAAD\SAAD.csproj", "{B85192A4-A138-4C0B-9143-A09D75576862}"
EndProject
Global
	GlobalSection(SolutionConfigurationPlatforms) = preSolution
		Debug|Any CPU = Debug|Any CPU
		Release|Any CPU = Release|Any CPU
	EndGlobalSection
	GlobalSection(ProjectConfigurationPlatforms) = postSolution
		{B85192A4-A138-4C0B-9143-A09D75576862}.Debug|Any CPU.ActiveCfg = Debug|Any CPU
		{B85192A4-A138-4C0B-9143-A09D75576862}.Debug|Any CPU.Build.0 = Debug|Any CPU
		{B85192A4-A138-4C0B-9143-A09D75576862}.Release|Any CPU.ActiveCfg = Release|Any CPU
		{B85192A4-A138-4C0B-9143-A09D75576862}.Release|Any CPU.Build.0 = Release|Any CPU
	EndGlobalSection
	GlobalSection(SolutionProperties) = preSolution
		HideSolutionNode = FALSE
	EndGlobalSection
	GlobalSection(ExtensibilityGlobals) = postSolution
		SolutionGuid = {86B32E7D-D4F5-4A61-99D4-027B8A0884D6}
	EndGlobalSection
EndGlobal
